
Microsoft Visual Studio Solution File, Format Version 12.00
# Visual Studio Version 16
VisualStudioVersion = 16.0.30128.74
MinimumVisualStudioVersion = 10.0.40219.1
Project("{FAE04EC0-301F-11D3-BF4B-00C04F79EFBC}") = "BretEShop.Core", "BretEShop.Core\BretEShop.Core.csproj", "{17F82908-17FD-4E03-9E77-97619CA18E21}"
EndProject
Project("{FAE04EC0-301F-11D3-BF4B-00C04F79EFBC}") = "BretEShop.DataAccess.SQL", "BretEShop.DataAccess.SQL\BretEShop.DataAccess.SQL.csproj", "{8FFFB8EA-6AB0-4AD5-8190-8FB55C78AC34}"
EndProject
Project("{FAE04EC0-301F-11D3-BF4B-00C04F79EFBC}") = "BretEShop.DataAccess.InMemory", "BretEShop.DataAccess.InMemory\BretEShop.DataAccess.InMemory.csproj", "{A06670E8-5928-4D45-8D24-2C2E17118C39}"
EndProject
Project("{FAE04EC0-301F-11D3-BF4B-00C04F79EFBC}") = "Bret.DataAccess.Web", "Bret.DataAccess.Web\Bret.DataAccess.Web.csproj", "{34C102D1-6D74-4A26-8166-5028DA6169BC}"
EndProject
Project("{FAE04EC0-301F-11D3-BF4B-00C04F79EFBC}") = "Bret.DataAccess.Web.Tests", "Bret.DataAccess.Web.Tests\Bret.DataAccess.Web.Tests.csproj", "{E2673A72-7769-46C0-B414-5AD75781E582}"
EndProject
Global
	GlobalSection(SolutionConfigurationPlatforms) = preSolution
		Debug|Any CPU = Debug|Any CPU
		Release|Any CPU = Release|Any CPU
	EndGlobalSection
	GlobalSection(ProjectConfigurationPlatforms) = postSolution
		{17F82908-17FD-4E03-9E77-97619CA18E21}.Debug|Any CPU.ActiveCfg = Debug|Any CPU
		{17F82908-17FD-4E03-9E77-97619CA18E21}.Debug|Any CPU.Build.0 = Debug|Any CPU
		{17F82908-17FD-4E03-9E77-97619CA18E21}.Release|Any CPU.ActiveCfg = Release|Any CPU
		{17F82908-17FD-4E03-9E77-97619CA18E21}.Release|Any CPU.Build.0 = Release|Any CPU
		{8FFFB8EA-6AB0-4AD5-8190-8FB55C78AC34}.Debug|Any CPU.ActiveCfg = Debug|Any CPU
		{8FFFB8EA-6AB0-4AD5-8190-8FB55C78AC34}.Debug|Any CPU.Build.0 = Debug|Any CPU
		{8FFFB8EA-6AB0-4AD5-8190-8FB55C78AC34}.Release|Any CPU.ActiveCfg = Release|Any CPU
		{8FFFB8EA-6AB0-4AD5-8190-8FB55C78AC34}.Release|Any CPU.Build.0 = Release|Any CPU
		{A06670E8-5928-4D45-8D24-2C2E17118C39}.Debug|Any CPU.ActiveCfg = Debug|Any CPU
		{A06670E8-5928-4D45-8D24-2C2E17118C39}.Debug|Any CPU.Build.0 = Debug|Any CPU
		{A06670E8-5928-4D45-8D24-2C2E17118C39}.Release|Any CPU.ActiveCfg = Release|Any CPU
		{A06670E8-5928-4D45-8D24-2C2E17118C39}.Release|Any CPU.Build.0 = Release|Any CPU
		{34C102D1-6D74-4A26-8166-5028DA6169BC}.Debug|Any CPU.ActiveCfg = Debug|Any CPU
		{34C102D1-6D74-4A26-8166-5028DA6169BC}.Debug|Any CPU.Build.0 = Debug|Any CPU
		{34C102D1-6D74-4A26-8166-5028DA6169BC}.Release|Any CPU.ActiveCfg = Release|Any CPU
		{34C102D1-6D74-4A26-8166-5028DA6169BC}.Release|Any CPU.Build.0 = Release|Any CPU
		{E2673A72-7769-46C0-B414-5AD75781E582}.Debug|Any CPU.ActiveCfg = Debug|Any CPU
		{E2673A72-7769-46C0-B414-5AD75781E582}.Debug|Any CPU.Build.0 = Debug|Any CPU
		{E2673A72-7769-46C0-B414-5AD75781E582}.Release|Any CPU.ActiveCfg = Release|Any CPU
		{E2673A72-7769-46C0-B414-5AD75781E582}.Release|Any CPU.Build.0 = Release|Any CPU
	EndGlobalSection
	GlobalSection(SolutionProperties) = preSolution
		HideSolutionNode = FALSE
	EndGlobalSection
	GlobalSection(ExtensibilityGlobals) = postSolution
		SolutionGuid = {019AD9D7-08B2-46E3-8C7B-A64B0B03EB34}
	EndGlobalSection
EndGlobal
